charm.land/lipgloss/v2 v2.0.5 h1:kbNxgeeUOYv5J0YdpxFjfvf3dFvqH8Aci4zB6xqFtrY=
charm.land/lipgloss/v2 v2.0.5/go.mod h1:9oqhxt4yxIMe6q5A4kHr44DremZk7J9UNh74GlWa5nc=
github.com/a-h/parse v0.0.0-20250122154542-74294addb73e h1:HjVbSQHy+dnlS6C3XajZ69NYAb5jbGNfHanvm1+iYlo=
github.com/a-h/parse v0.0.0-20250122154542-74294addb73e/go.mod h1:3mnrkvGpurZ4ZrTDbYU84xhwXW2TjTKShSwjRi2ihfQ=
github.com/a-h/templ v0.3.1020 h1:ypAT/L5ySWEnZ6Zft/5yfoWXYYkhFNvEFOeeqecg4tw=
github.com/a-h/templ v0.3.1020/go.mod h1:A2DlK61v+K+NRoGnhmYbNYVmtYHcFO5/AisMvBdDxTM=
github.com/andybalholm/brotli v1.2.1 h1:R+f5xP285VArJDRgowrfb9DqL18yVK0gKAW/F+eTWro=
github.com/andybalholm/brotli v1.2.1/go.mod h1:rzTDkvFWvIrjDXZHkuS16NPggd91W3kUSvPlQ1pLaKY=
github.com/aymanbagabas/go-udiff v0.4.1 h1:OEIrQ8maEeDBXQDoGCbbTTXYJMYRCRO1fnodZ12Gv5o=
github.com/aymanbagabas/go-udiff v0.4.1/go.mod h1:0L9PGwj20lrtmEMeyw4WKJ/TMyDtvAoK9bf2u/mNo3w=
github.com/bahlo/generic-list-go v0.2.0 h1:5sz/EEAK+ls5wF+NeqDpk5+iNdMDXrh3z3nPnH1Wvgk=
github.com/bahlo/generic-list-go v0.2.0/go.mod h1:2KvAjgMlE5NNynlg/5iLrrCCZ2+5xWbdbCW3pNTGyYg=
github.com/buger/jsonparser v1.2.0 h1:4EFcvK1kD4jyj6YqNK6skK6w+y7FHHBR+XBCtxwu/6g=
github.com/buger/jsonparser v1.2.0/go.mod h1:6RYKKt7H4d4+iWqouImQ9R2FZql3VbhNgx27UK13J/0=
github.com/cenkalti/backoff/v4 v4.3.0 h1:MyRJ/UdXutAwSAT+s3wNd7MfTIcy71VQueUuFK343L8=
github.com/cenkalti/backoff/v4 v4.3.0/go.mod h1:Y3VNntkOUPxTVeUxJ/G5vcM//AlwfmyYozVcomhLiZE=
github.com/cespare/xxhash/v2 v2.3.0 h1:UL815xU9SqsFlibzuggzjXhog7bL6oX9BbNZnL2UFvs=
github.com/cespare/xxhash/v2 v2.3.0/go.mod h1:VGX0DQ3Q6kWi7AoAeZDth3/j3BFtOZR5XLFGgcrjCOs=
github.com/charmbracelet/colorprofile v0.4.3 h1:QPa1IWkYI+AOB+fE+mg/5/4HRMZcaXex9t5KX76i20Q=
github.com/charmbracelet/colorprofile v0.4.3/go.mod h1:/zT4BhpD5aGFpqQQqw7a+VtHCzu+zrQtt1zhMt9mR4Q=
github.com/charmbracelet/ultraviolet v0.0.0-20260720091822-7cc6674724ac h1:BP8qMDGjmOejoVTklEXXTHI0OwMIt8JHPSPHxscFFwA=
github.com/charmbracelet/ultraviolet v0.0.0-20260720091822-7cc6674724ac/go.mod h1:psnCZIfwwxVs6v6DhUc6NJ8AQ3ejvs2ejKwoOMeVmUk=
github.com/charmbracelet/x/ansi v0.11.7 h1:kzv1kJvjg2S3r9KHo8hDdHFQLEqn4RBCb39dAYC84jI=
github.com/charmbracelet/x/ansi v0.11.7/go.mod h1:9qGpnAVYz+8ACONkZBUWPtL7lulP9No6p1epAihUZwQ=
github.com/charmbracelet/x/exp/golden v0.0.0-20260705004817-2cc9a8fe1146 h1:+Gg3H2AVBIiYRUG/ctd7XjvUVbZ11odkbdkOrImmtbg=
github.com/charmbracelet/x/exp/golden v0.0.0-20260705004817-2cc9a8fe1146/go.mod h1:6fMpcW6iwN/kX+xJ52eqVWsDiBTe0UJD24JLoHFe+P0=
github.com/charmbracelet/x/term v0.2.2 h1:xVRT/S2ZcKdhhOuSP4t5cLi5o+JxklsoEObBSgfgZRk=
github.com/charmbracelet/x/term v0.2.2/go.mod h1:kF8CY5RddLWrsgVwpw4kAa6TESp6EB5y3uxGLeCqzAI=
github.com/charmbracelet/x/termios v0.1.1 h1:o3Q2bT8eqzGnGPOYheoYS8eEleT5ZVNYNy8JawjaNZY=
github.com/charmbracelet/x/termios v0.1.1/go.mod h1:rB7fnv1TgOPOyyKRJ9o+AsTU/vK5WHJ2ivHeut/Pcwo=
github.com/charmbracelet/x/windows v0.2.2 h1:IofanmuvaxnKHuV04sC0eBy/smG6kIKrWG2/jYn2GuM=
github.com/charmbracelet/x/windows v0.2.2/go.mod h1:/8XtdKZzedat74NQFn0NGlGL4soHB0YQZrETF96h75k=
github.com/cli/browser v1.3.0 h1:LejqCrpWr+1pRqmEPDGnTZOjsMe7sehifLynZJuqJpo=
github.com/cli/browser v1.3.0/go.mod h1:HH8s+fOAxjhQoBUAsKuPCbqUuxZDhQ2/aD+SzsEfBTk=
github.com/clipperhouse/displaywidth v0.11.0 h1:lBc6kY44VFw+TDx4I8opi/EtL9m20WSEFgwIwO+UVM8=
github.com/clipperhouse/displaywidth v0.11.0/go.mod h1:bkrFNkf81G8HyVqmKGxsPufD3JhNl3dSqnGhOoSD/o0=
github.com/clipperhouse/uax29/v2 v2.7.0 h1:+gs4oBZ2gPfVrKPthwbMzWZDaAFPGYK72F0NJv2v7Vk=
github.com/clipperhouse/uax29/v2 v2.7.0/go.mod h1:EFJ2TJMRUaplDxHKj1qAEhCtQPW2tJSwu5BF98AuoVM=
github.com/davecgh/go-spew v1.1.2-0.20180830191138-d8f796af33cc h1:U9qPSI2PIWSS1VwoXQT9A3Wy9MM3WgvqSxFWenqJduM=
github.com/davecgh/go-spew v1.1.2-0.20180830191138-d8f796af33cc/go.mod h1:J7Y8YcW2NihsgmVo/mv3lAwl/skON4iLHjSsI+c5H38=
github.com/fatih/color v1.19.0 h1:Zp3PiM21/9Ld6FzSKyL5c/BULoe/ONr9KlbYVOfG8+w=
github.com/fatih/color v1.19.0/go.mod h1:zNk67I0ZUT1bEGsSGyCZYZNrHuTkJJB+r6Q9VuMi0LE=
github.com/fsnotify/fsnotify v1.10.1 h1:b0/UzAf9yR5rhf3RPm9gf3ehBPpf0oZKIjtpKrx59Ho=
github.com/fsnotify/fsnotify v1.10.1/go.mod h1:TLheqan6HD6GBK6PrDWyDPBaEV8LspOxvPSjC+bVfgo=
github.com/go-faster/errors v0.8.0 h1:9T9eJrM+72dFk7n4DfhuaDDe6cyuFCSW2oNUkN77Yqc=
github.com/go-faster/errors v0.8.0/go.mod h1:5ySTjWFiphBs07IKuiL69nxdfd5+fzh1u7FPGZP2quo=
github.com/go-faster/jx v1.2.0 h1:T2YHJPrFaYu21fJtUxC9GzmluKu8rVIFDwwGBKTDseI=
github.com/go-faster/jx v1.2.0/go.mod h1:UWLOVDmMG597a5tBFPLIWJdUxz5/2emOpfsj9Neg0PE=
github.com/go-faster/yaml v0.4.6 h1:lOK/EhI04gCpPgPhgt0bChS6bvw7G3WwI8xxVe0sw9I=
github.com/go-faster/yaml v0.4.6/go.mod h1:390dRIvV4zbnO7qC9FGo6YYutc+wyyUSHBgbXL52eXk=
github.com/gofrs/flock v0.13.0 h1:95JolYOvGMqeH31+FC7D2+uULf6mG61mEZ/A8dRYMzw=
github.com/gofrs/flock v0.13.0/go.mod h1:jxeyy9R1auM5S6JYDBhDt+E2TCo7DkratH4Pgi8P+Z0=
github.com/google/go-cmp v0.7.0 h1:wk8382ETsv4JYUZwIsn6YpYiWiBsYLSJiTsyBybVuN8=
github.com/google/go-cmp v0.7.0/go.mod h1:pXiqmnSA92OHEEa9HXL2W4E7lf9JzCmGVUdgjX3N/iU=
github.com/invopop/jsonschema v0.14.0 h1:MHQqLhvpNUZfw+hM3AZDYK7jxO8FZoQeQM77g8iyZjg=
github.com/invopop/jsonschema v0.14.0/go.mod h1:ygm6C2EaVNMBDPpaPlnOA2pFAxBnxGjFlMZABxm9n2I=
github.com/larsartmann/go-atomic-write v0.4.0 h1:4WVKiOhKz0K3Hq6+h7bmTLujkJDPf7gkSG5HfQ/fvzU=
github.com/larsartmann/go-atomic-write v0.4.0/go.mod h1:pkmHWPaCXUdJstjggiHCQufE1vquDCfwYsQfHPywxNI=
github.com/larsartmann/go-branded-id v0.3.2 h1:Vbe5/LRuR2ycDFpDKuuuG8brBRYvSYcOU1nqV8IIZPI=
github.com/larsartmann/go-branded-id v0.3.2/go.mod h1:xoQYcGTGrMqRYB8cMKHe2efq8S6stQGg3nW4DzXVWpA=
github.com/larsartmann/go-error-family v0.10.0 h1:xGPT8WzPr9EJ+SHCasLtZ2mJ7drVxmfkyM6kjzHoAWo=
github.com/larsartmann/go-error-family v0.10.0/go.mod h1:c5ZKAqG/2xJmF7ZjShNAenbxHzWqut90ARS0lPuyUaY=
github.com/larsartmann/go-ndjson v0.0.1 h1:wchwH5pv+0ZnFem/WrlGZA8dDGvZumT+OcVn5dbou3A=
github.com/larsartmann/go-ndjson v0.0.1/go.mod h1:ueEJJ39Jei+zfPCEx455kpunYWZf/pkwn7HqETHrQkU=
github.com/larsartmann/go-output v0.32.0 h1:J3H4fvHJmNE3ytAGs3/cRuswuO6pztxD7s9W5jYdWfc=
github.com/larsartmann/go-output v0.32.0/go.mod h1:qRogejPmTZAymag2xjczgqhaQ9X+e/fqIOXgbe/pGCo=
github.com/larsartmann/go-output/d2 v0.32.0 h1:43TCdH5Ol2doptwAXpeH6gOKyVMdFSSuBA8Uojkbv6E=
github.com/larsartmann/go-output/d2 v0.32.0/go.mod h1:V9o+x1DuSMHPvRjWfoLjaLGaRas5+tBM/4o8tn66FkI=
github.com/larsartmann/go-output/daghtml v0.32.0 h1:i82kxUMLGM9N/LQpqTSzexx41Vsi4lnjJVlqpV2MCKs=
github.com/larsartmann/go-output/daghtml v0.32.0/go.mod h1:PMlfYzKRSnRkohhr1RNh8LsbebNE61JKjDx3Vd1uYGM=
github.com/larsartmann/go-output/delimited v0.32.0 h1:bKhSgww7/9qioMGkuQ8N1R3CgXzXhl0ls+KnMnql4s4=
github.com/larsartmann/go-output/delimited v0.32.0/go.mod h1:ZBHKorjtk/EFJSYcTShW372nS9ra3HdtnYpzMZRJDNk=
github.com/larsartmann/go-output/escape v0.32.0 h1:u7rJRKuQ9tCv26n3yvk4h++hdCdG9W0VB0CJlPWbWZk=
github.com/larsartmann/go-output/escape v0.32.0/go.mod h1:+OyBVtTYhrq9UYitUa2EawsCu3IIXy5EBHK5DXEwuGQ=
github.com/larsartmann/go-output/graph v0.32.0 h1:TbjcNENOFE+HTJJ/rruISzoZmdQzQlg+4pIXpHLGDLQ=
github.com/larsartmann/go-output/graph v0.32.0/go.mod h1:4wkgCY8F4n0PqCpcmrCfm/vpggQuRc+fVq9Uhky29gI=
github.com/larsartmann/go-output/markdown v0.32.0 h1:qcpP7ACCBcBZyaY0Ihbwg/zqhqmczfN8L59bGp60oDA=
github.com/larsartmann/go-output/markdown v0.32.0/go.mod h1:xE94Y4VOcfdNZ7emcourkR48HLyhBfM2pvey72Iuc1U=
github.com/larsartmann/go-output/markup v0.32.0 h1:FKBkw0hRgr3we9wA5NBgccSO3PSj//BQpAK5DjcV5eg=
github.com/larsartmann/go-output/markup v0.32.0/go.mod h1:erXAmd+st1Qsbuct/ezBF1Q3FTYsZMNEjElS8sOTPtI=
github.com/larsartmann/go-output/plantuml v0.32.0 h1:8p7uK8XVI7+ydClRIVnhcKjnGJjW9H0qnBgnm4HMYJc=
github.com/larsartmann/go-output/plantuml v0.32.0/go.mod h1:uqzLtxEUMLHS1G5qPh8ST0485iH/ENlB3N9pe/7CEMY=
github.com/larsartmann/go-output/serialization v0.32.0 h1:oL50gutqhx8NDFW1zbfxYWnebXDNlyYtgsEw3oJOXi0=
github.com/larsartmann/go-output/serialization v0.32.0/go.mod h1:h5+AceyBD/ZL7NrfDuJVw+vzv/PRZt4v4nv0d+uTOxE=
github.com/larsartmann/go-output/table v0.32.0 h1:b6YZqwBOphvyBHS9LL/3c4qpxdLOskg9aY8GbHOShAU=
github.com/larsartmann/go-output/table v0.32.0/go.mod h1:ylSAOC/8vOi3M8q2FPm3bPgp0/DWFIPTtr6LLA2+C7I=
github.com/larsartmann/go-output/testhelpers v0.31.1 h1:MJBYLI+m2wTqmipWSaqBcReLc3wqGW9jHsXRTCrr3S0=
github.com/larsartmann/go-output/testhelpers v0.31.1/go.mod h1:W4rI3kVhlLVH69t6ueNIPg64sE17fsgtPB3qUyvxgos=
github.com/larsartmann/go-output/testhelpers/graphtest v0.31.1 h1:cTWMwX/FrjEeS2mVNYjCPIzkjBakK0zoy6HvbNzunv8=
github.com/larsartmann/go-output/testhelpers/graphtest v0.31.1/go.mod h1:I8YbntjJ83AbIzXpz9aSpnthhKc+0Vd2zxHOCcG7LbI=
github.com/larsartmann/go-output/tree v0.32.0 h1:lI6kwsB5URw8713+2H/uBOUz2TKMxA8UUeTYoqi22BU=
github.com/larsartmann/go-output/tree v0.32.0/go.mod h1:hjY6BEkRvPEQf0ZPQ2EWQjq1ycqiVoyXFCz6tuZe40Y=
github.com/larsartmann/go-sse v0.2.1 h1:cvqViY+2MgTSHU3PgpFAHHtT56hYazom2Ky8ZPL+258=
github.com/larsartmann/go-sse v0.2.1/go.mod h1:jzjpWqwufPRLht+qk15EHwHG65mhZDdTV1VIUk5pQ2Y=
github.com/lucasb-eyer/go-colorful v1.4.0 h1:UtrWVfLdarDgc44HcS7pYloGHJUjHV/4FwW4TvVgFr4=
github.com/lucasb-eyer/go-colorful v1.4.0/go.mod h1:R4dSotOR9KMtayYi1e77YzuveK+i7ruzyGqttikkLy0=
github.com/mattn/go-colorable v0.1.15 h1:+u9SLTRGnXv73cEsnsmoZBom+dMU88B2M0aDcWy0/jY=
github.com/mattn/go-colorable v0.1.15/go.mod h1:6LmQG8QLFO4G5z1gPvYEzlUgJ2wF+stgPZH1UqBm1s8=
github.com/mattn/go-isatty v0.0.22 h1:j8l17JJ9i6VGPUFUYoTUKPSgKe/83EYU2zBC7YNKMw4=
github.com/mattn/go-isatty v0.0.22/go.mod h1:ZXfXG4SQHsB/w3ZeOYbR0PrPwLy+n6xiMrJlRFqopa4=
github.com/mattn/go-runewidth v0.0.27 h1:Feg/Oou5zI/wnpgDF6omIU0OokC9GxLC/WRknhVlIR0=
github.com/mattn/go-runewidth v0.0.27/go.mod h1:3qAiGCV4Koz/yuveO58qUefmUTRm8r0IGEXZ9jeHp/8=
github.com/muesli/cancelreader v0.2.2 h1:3I4Kt4BQjOR54NavqnDogx/MIoWBFa0StPA8ELUXHmA=
github.com/muesli/cancelreader v0.2.2/go.mod h1:3XuTXfFS2VjM+HTLZY9Ak0l6eUKfijIfMUZ4EgX0QYo=
github.com/natefinch/atomic v1.0.1 h1:ZPYKxkqQOx3KZ+RsbnP/YsgvxWQPGxjC0oBt2AhwV0A=
github.com/natefinch/atomic v1.0.1/go.mod h1:N/D/ELrljoqDyT3rZrsUmtsuzvHkeB/wWjHV22AZRbM=
github.com/pb33f/ordered-map/v2 v2.3.1 h1:5319HDO0aw4DA4gzi+zv4FXU9UlSs3xGZ40wcP1nBjY=
github.com/pb33f/ordered-map/v2 v2.3.1/go.mod h1:qxFQgd0PkVUtOMCkTapqotNgzRhMPL7VvaHKbd1HnmQ=
github.com/pelletier/go-toml/v2 v2.4.3 h1:GTRvJQutkOSftxIFD5xw9aepkYNuPWmVJpffdDPYVpY=
github.com/pelletier/go-toml/v2 v2.4.3/go.mod h1:2gIqNv+qfxSVS7cM2xJQKtLSTLUE9V8t9Stt+h56mCY=
github.com/pmezard/go-difflib v1.0.1-0.20181226105442-5d4384ee4fb2 h1:Jamvg5psRIccs7FGNTlIRMkT8wgtp5eCXdBlqhYGL6U=
github.com/pmezard/go-difflib v1.0.1-0.20181226105442-5d4384ee4fb2/go.mod h1:iKH77koFhYxTK1pcRnkKkqfTogsbg7gZNVY4sRDYZ/4=
github.com/rivo/uniseg v0.4.7 h1:WUdvkW8uEhrYfLC4ZzdpI2ztxP1I582+49Oc5Mq64VQ=
github.com/rivo/uniseg v0.4.7/go.mod h1:FN3SvrM+Zdj16jyLfmOkMNblXMcoc8DfTHruCPUcx88=
github.com/samber/do/v2 v2.1.0 h1:lqCHn05XvY3VqwxvZDQPSkH+jIGWSVHUrSVLEbPOopo=
github.com/samber/do/v2 v2.1.0/go.mod h1:wJBoiaZcUZyGuraOhfz15b517ZMogGs+U03DvnqvT6Q=
github.com/samber/go-type-to-string v1.8.0 h1:5z6tDTjtXxkIAoAuHAZYMYR8mkBZjVgeSH7jcSLqc8w=
github.com/samber/go-type-to-string v1.8.0/go.mod h1:jpU77vIDoIxkahknKDoEx9C8bQ1ADnh2sotZ8I4QqBU=
github.com/segmentio/asm v1.2.1 h1:DTNbBqs57ioxAD4PrArqftgypG4/qNpXoJx8TVXxPR0=
github.com/segmentio/asm v1.2.1/go.mod h1:BqMnlJP91P8d+4ibuonYZw9mfnzI9HfxselHZr5aAcs=
github.com/stretchr/testify v1.11.1 h1:7s2iGBzp5EwR7/aIZr8ao5+dra3wiQyKjjFuvgVKu7U=
github.com/stretchr/testify v1.11.1/go.mod h1:wZwfW3scLgRK+23gO65QZefKpKQRnfz6sD981Nm4B6U=
github.com/xo/terminfo v0.0.0-20220910002029-abceb7e1c41e h1:JVG44RsyaB9T2KIHavMF/ppJZNG9ZpyihvCd0w101no=
github.com/xo/terminfo v0.0.0-20220910002029-abceb7e1c41e/go.mod h1:RbqR21r5mrJuqunuUZ/Dhy/avygyECGrLceyNeo4LiM=
github.com/xyproto/randomstring v1.0.5 h1:YtlWPoRdgMu3NZtP45drfy1GKoojuR7hmRcnhZqKjWU=
github.com/xyproto/randomstring v1.0.5/go.mod h1:rgmS5DeNXLivK7YprL0pY+lTuhNQW3iGxZ18UQApw/E=
go.uber.org/multierr v1.11.0 h1:blXXJkSxSSfBVBlC76pxqeO+LN3aDfLQo+309xJstO0=
go.uber.org/multierr v1.11.0/go.mod h1:20+QtiLqy0Nd6FdQB9TLXag12DsQkrbs3htMFfDN80Y=
go.yaml.in/yaml/v4 v4.0.0-rc.6 h1:1h7H1ohdUh93/FyE4YaDa1Zh64K6VVbjF4K6WUxMtH4=
go.yaml.in/yaml/v4 v4.0.0-rc.6/go.mod h1:aZqd9kCMsGL7AuUv/m/PvWLdg5sjJsZ4oHDEnfPPfY0=
golang.org/x/exp v0.0.0-20260611194520-c48552f49976 h1:X8Hz2ImujgbmetVuW+w2YkyZChE3cBpZi2P158rTG9M=
golang.org/x/exp v0.0.0-20260611194520-c48552f49976/go.mod h1:vnf4pv9iKZXY58sQE1L86zmNWJ4159e1RkcWiLCkeEY=
golang.org/x/mod v0.37.0 h1:vF1DjpVEshcIqoEaauuHebaLk1O1forxjxBaVn884JQ=
golang.org/x/mod v0.37.0/go.mod h1:m8S8VeM9r4dzDwjrKO0a1sZP3YjeMamRRlD+fmR2Q/0=
golang.org/x/net v0.56.0 h1:Rw8j/hFzGvJUZwNBXnAtf5sVDVt+65SK2C7IxCxZt5o=
golang.org/x/net v0.56.0/go.mod h1:D3Ku6r+V6JROoZK144D2XfMHFcMq/0zSfLelVTCFKec=
golang.org/x/sync v0.22.0 h1:SZjpbeLmrCk4xhRSZFNZW5gFUeCeFgjekvI/+gfScek=
golang.org/x/sync v0.22.0/go.mod h1:9xrNwdLfx4jkKbNva9FpL6vEN7evnE43NNNJQ2LF3+0=
golang.org/x/sys v0.47.0 h1:o7XGOvZQCADBQQ4Y7VNq2dRWQR7JmOUW8Kxx4ZsNgWs=
golang.org/x/sys v0.47.0/go.mod h1:4GL1E5IUh+htKOUEOaiffhrAeqysfVGipDYzABqnCmw=
golang.org/x/term v0.45.0 h1:NwWyBmoJCbfTHpxrWoZ9C6/VxOf7ic219I8xZZFdrf0=
golang.org/x/term v0.45.0/go.mod h1:9aqxs0blBcrm/n0L9QW0aRVD+ktan8ssZromtqJC43w=
golang.org/x/tools v0.46.0 h1:7jTurBkPZu4moS/Uy4OQT1M+QBlsj3wejyZwsT8Z7rk=
golang.org/x/tools v0.46.0/go.mod h1:FrD85F8l+NWL+9XWBSyVSHO6Ne4jutsfIFba7AWQ5Ys=
gopkg.in/yaml.v3 v3.0.1 h1:fxVm/GzAzEWqLHuvctI91KS9hhNmmWOoWu0XTYJS7CA=
gopkg.in/yaml.v3 v3.0.1/go.mod h1:K4uyk7z7BCEPqu6E+C64Yfv1cQ7kz7rIZviUmN+EgEM=
